// !$*UTF8*$!
{
	archiveVersion = 1;
	classes = {
	};
	objectVersion = 56;
	objects = {

/* Begin PBXBuildFile section */
		DCB3F58B2B658A1900A0150D /* SpotshieldApp.swift in Sources */ = {isa = PBXBuildFile; fileRef = DCB3F58A2B658A1900A0150D /* SpotshieldApp.swift */; };
		DCB3F58D2B658A1900A0150D /* ContentView.swift in Sources */ = {isa = PBXBuildFile; fileRef = DCB3F58C2B658A1900A0150D /* ContentView.swift */; };
		DCB3F58F2B658A1900A0150D /* Assets.xcassets in Resources */ = {isa = PBXBuildFile; fileRef = DCB3F58E2B658A1900A0150D /* Assets.xcassets */; };
		DCB3F5932B658A1900A0150D /* Preview Assets.xcassets in Resources */ = {isa = PBXBuildFile; fileRef = DCB3F5922B658A1900A0150D /* Preview Assets.xcassets */; };
		DCB3F59D2B658A1900A0150D /* SpotshieldTests.swift in Sources */ = {isa = PBXBuildFile; fileRef = DCB3F59C2B658A1900A0150D /* SpotshieldTests.swift */; };
		DCB3F5A72B658A1900A0150D /* SpotshieldUITests.swift in Sources */ = {isa = PBXBuildFile; fileRef = DCB3F5A62B658A1900A0150D /* SpotshieldUITests.swift */; };
		DCB3F5A92B658A1900A0150D /* SpotshieldUITestsLaunchTests.swift in Sources */ = {isa = PBXBuildFile; fileRef = DCB3F5A82B658A1900A0150D /* SpotshieldUITestsLaunchTests.swift */; };
/* End PBXBuildFile section */

/* Begin PBXContainerItemProxy section */
		DCB3F5992B658A1900A0150D /* PBXContainerItemProxy */ = {
			isa = PBXContainerItemProxy;
			containerPortal = DCB3F57F2B658A1900A0150D /* Project object */;
			proxyType = 1;
			remoteGlobalIDString = DCB3F5862B658A1900A0150D;
			remoteInfo = Spotshield;
		};
		DCB3F5A32B658A1900A0150D /* PBXContainerItemProxy */ = {
			isa = PBXContainerItemProxy;
			containerPortal = DCB3F57F2B658A1900A0150D /* Project object */;
			proxyType = 1;
			remoteGlobalIDString = DCB3F5862B658A1900A0150D;
			remoteInfo = Spotshield;
		};
/* End PBXContainerItemProxy section */

/* Begin PBXFileReference section */
		DCB3F5872B658A1900A0150D /* Spotshield.app */ = {isa = PBXFileReference; explicitFileType = wrapper.application; includeInIndex = 0; path = Spotshield.app; sourceTree = BUILT_PRODUCTS_DIR; };
		DCB3F58A2B658A1900A0150D /* SpotshieldApp.swift */ = {isa = PBXFileReference; lastKnownFileType = sourcecode.swift; path = SpotshieldApp.swift; sourceTree = "<group>"; };
		DCB3F58C2B658A1900A0150D /* ContentView.swift */ = {isa = PBXFileReference; lastKnownFileType = sourcecode.swift; path = ContentView.swift; sourceTree = "<group>"; };
		DCB3F58E2B658A1900A0150D /* Assets.xcassets */ = {isa = PBXFileReference; lastKnownFileType = folder.assetcatalog; path = Assets.xcassets; sourceTree = "<group>"; };
		DCB3F5902B658A1900A0150D /* Spotshield.entitlements */ = {isa = PBXFileReference; lastKnownFileType = text.plist.entitlements; path = Spotshield.entitlements; sourceTree = "<group>"; };
		DCB3F5922B658A1900A0150D /* Preview Assets.xcassets */ = {isa = PBXFileReference; lastKnownFileType = folder.assetcatalog; path = "Preview Assets.xcassets"; sourceTree = "<group>"; };
		DCB3F5982B658A1900A0150D /* SpotshieldTests.xctest */ = {isa = PBXFileReference; explicitFileType = wrapper.cfbundle; includeInIndex = 0; path = SpotshieldTests.xctest; sourceTree = BUILT_PRODUCTS_DIR; };
		DCB3F59C2B658A1900A0150D /* SpotshieldTests.swift */ = {isa = PBXFileReference; lastKnownFileType = sourcecode.swift; path = SpotshieldTests.swift; sourceTree = "<group>"; };
		DCB3F5A22B658A1900A0150D /* SpotshieldUITests.xctest */ = {isa = PBXFileReference; explicitFileType = wrapper.cfbundle; includeInIndex = 0; path = SpotshieldUITests.xctest; sourceTree = BUILT_PRODUCTS_DIR; };
		DCB3F5A62B658A1900A0150D /* SpotshieldUITests.swift */ = {isa = PBXFileReference; lastKnownFileType = sourcecode.swift; path = SpotshieldUITests.swift; sourceTree = "<group>"; };
		DCB3F5A82B658A1900A0150D /* SpotshieldUITestsLaunchTests.swift */ = {isa = PBXFileReference; lastKnownFileType = sourcecode.swift; path = SpotshieldUITestsLaunchTests.swift; sourceTree = "<group>"; };
/* End PBXFileReference section */

/* Begin PBXFrameworksBuildPhase section */
		DCB3F5842B658A1900A0150D /* Frameworks */ = {
			isa = PBXFrameworksBuildPhase;
			buildActionMask = 2147483647;
			files = (
			);
			runOnlyForDeploymentPostprocessing = 0;
		};
		DCB3F5952B658A1900A0150D /* Frameworks */ = {
			isa = PBXFrameworksBuildPhase;
			buildActionMask = 2147483647;
			files = (
			);
			runOnlyForDeploymentPostprocessing = 0;
		};
		DCB3F59F2B658A1900A0150D /* Frameworks */ = {
			isa = PBXFrameworksBuildPhase;
			buildActionMask = 2147483647;
			files = (
			);
			runOnlyForDeploymentPostprocessing = 0;
		};
/* End PBXFrameworksBuildPhase section */

/* Begin PBXGroup section */
		DCB3F57E2B658A1900A0150D = {
			isa = PBXGroup;
			children = (
				DCB3F5892B658A1900A0150D /* Spotshield */,
				DCB3F59B2B658A1900A0150D /* SpotshieldTests */,
				DCB3F5A52B658A1900A0150D /* SpotshieldUITests */,
				DCB3F5882B658A1900A0150D /* Products */,
			);
			sourceTree = "<group>";
		};
		DCB3F5882B658A1900A0150D /* Products */ = {
			isa = PBXGroup;
			children = (
				DCB3F5872B658A1900A0150D /* Spotshield.app */,
				DCB3F5982B658A1900A0150D /* SpotshieldTests.xctest */,
				DCB3F5A22B658A1900A0150D /* SpotshieldUITests.xctest */,
			);
			name = Products;
			sourceTree = "<group>";
		};
		DCB3F5892B658A1900A0150D /* Spotshield */ = {
			isa = PBXGroup;
			children = (
				DCB3F58A2B658A1900A0150D /* SpotshieldApp.swift */,
				DCB3F58C2B658A1900A0150D /* ContentView.swift */,
				DCB3F58E2B658A1900A0150D /* Assets.xcassets */,
				DCB3F5902B658A1900A0150D /* Spotshield.entitlements */,
				DCB3F5912B658A1900A0150D /* Preview Content */,
			);
			path = Spotshield;
			sourceTree = "<group>";
		};
		DCB3F5912B658A1900A0150D /* Preview Content */ = {
			isa = PBXGroup;
			children = (
				DCB3F5922B658A1900A0150D /* Preview Assets.xcassets */,
			);
			path = "Preview Content";
			sourceTree = "<group>";
		};
		DCB3F59B2B658A1900A0150D /* SpotshieldTests */ = {
			isa = PBXGroup;
			children = (
				DCB3F59C2B658A1900A0150D /* SpotshieldTests.swift */,
			);
			path = SpotshieldTests;
			sourceTree = "<group>";
		};
		DCB3F5A52B658A1900A0150D /* SpotshieldUITests */ = {
			isa = PBXGroup;
			children = (
				DCB3F5A62B658A1900A0150D /* SpotshieldUITests.swift */,
				DCB3F5A82B658A1900A0150D /* SpotshieldUITestsLaunchTests.swift */,
			);
			path = SpotshieldUITests;
			sourceTree = "<group>";
		};
/* End PBXGroup section */

/* Begin PBXNativeTarget section */
		DCB3F5862B658A1900A0150D /* Spotshield */ = {
			isa = PBXNativeTarget;
			buildConfigurationList = DCB3F5AC2B658A1900A0150D /* Build configuration list for PBXNativeTarget "Spotshield" */;
			buildPhases = (
				DCB3F5832B658A1900A0150D /* Sources */,
				DCB3F5842B658A1900A0150D /* Frameworks */,
				DCB3F5852B658A1900A0150D /* Resources */,
			);
			buildRules = (
			);
			dependencies = (
			);
			name = Spotshield;
			productName = Spotshield;
			productReference = DCB3F5872B658A1900A0150D /* Spotshield.app */;
			productType = "com.apple.product-type.application";
		};
		DCB3F5972B658A1900A0150D /* SpotshieldTests */ = {
			isa = PBXNativeTarget;
			buildConfigurationList = DCB3F5AF2B658A1900A0150D /* Build configuration list for PBXNativeTarget "SpotshieldTests" */;
			buildPhases = (
				DCB3F5942B658A1900A0150D /* Sources */,
				DCB3F5952B658A1900A0150D /* Frameworks */,
				DCB3F5962B658A1900A0150D /* Resources */,
			);
			buildRules = (
			);
			dependencies = (
				DCB3F59A2B658A1900A0150D /* PBXTargetDependency */,
			);
			name = SpotshieldTests;
			productName = SpotshieldTests;
			productReference = DCB3F5982B658A1900A0150D /* SpotshieldTests.xctest */;
			productType = "com.apple.product-type.bundle.unit-test";
		};
		DCB3F5A12B658A1900A0150D /* SpotshieldUITests */ = {
			isa = PBXNativeTarget;
			buildConfigurationList = DCB3F5B22B658A1900A0150D /* Build configuration list for PBXNativeTarget "SpotshieldUITests" */;
			buildPhases = (
				DCB3F59E2B658A1900A0150D /* Sources */,
				DCB3F59F2B658A1900A0150D /* Frameworks */,
				DCB3F5A02B658A1900A0150D /* Resources */,
			);
			buildRules = (
			);
			dependencies = (
				DCB3F5A42B658A1900A0150D /* PBXTargetDependency */,
			);
			name = SpotshieldUITests;
			productName = SpotshieldUITests;
			productReference = DCB3F5A22B658A1900A0150D /* SpotshieldUITests.xctest */;
			productType = "com.apple.product-type.bundle.ui-testing";
		};
/* End PBXNativeTarget section */

/* Begin PBXProject section */
		DCB3F57F2B658A1900A0150D /* Project object */ = {
			isa = PBXProject;
			attributes = {
				BuildIndependentTargetsInParallel = 1;
				LastSwiftUpdateCheck = 1430;
				LastUpgradeCheck = 1430;
				TargetAttributes = {
					DCB3F5862B658A1900A0150D = {
						CreatedOnToolsVersion = 14.3.1;
					};
					DCB3F5972B658A1900A0150D = {
						CreatedOnToolsVersion = 14.3.1;
						TestTargetID = DCB3F5862B658A1900A0150D;
					};
					DCB3F5A12B658A1900A0150D = {
						CreatedOnToolsVersion = 14.3.1;
						TestTargetID = DCB3F5862B658A1900A0150D;
					};
				};
			};
			buildConfigurationList = DCB3F5822B658A1900A0150D /* Build configuration list for PBXProject "Spotshield" */;
			compatibilityVersion = "Xcode 14.0";
			developmentRegion = en;
			hasScannedForEncodings = 0;
			knownRegions = (
				en,
				Base,
			);
			mainGroup = DCB3F57E2B658A1900A0150D;
			productRefGroup = DCB3F5882B658A1900A0150D /* Products */;
			projectDirPath = "";
			projectRoot = "";
			targets = (
				DCB3F5862B658A1900A0150D /* Spotshield */,
				DCB3F5972B658A1900A0150D /* SpotshieldTests */,
				DCB3F5A12B658A1900A0150D /* SpotshieldUITests */,
			);
		};
/* End PBXProject section */

/* Begin PBXResourcesBuildPhase section */
		DCB3F5852B658A1900A0150D /* Resources */ = {
			isa = PBXResourcesBuildPhase;
			buildActionMask = 2147483647;
			files = (
				DCB3F5932B658A1900A0150D /* Preview Assets.xcassets in Resources */,
				DCB3F58F2B658A1900A0150D /* Assets.xcassets in Resources */,
			);
			runOnlyForDeploymentPostprocessing = 0;
		};
		DCB3F5962B658A1900A0150D /* Resources */ = {
			isa = PBXResourcesBuildPhase;
			buildActionMask = 2147483647;
			files = (
			);
			runOnlyForDeploymentPostprocessing = 0;
		};
		DCB3F5A02B658A1900A0150D /* Resources */ = {
			isa = PBXResourcesBuildPhase;
			buildActionMask = 2147483647;
			files = (
			);
			runOnlyForDeploymentPostprocessing = 0;
		};
/* End PBXResourcesBuildPhase section */

/* Begin PBXSourcesBuildPhase section */
		DCB3F5832B658A1900A0150D /* Sources */ = {
			isa = PBXSourcesBuildPhase;
			buildActionMask = 2147483647;
			files = (
				DCB3F58D2B658A1900A0150D /* ContentView.swift in Sources */,
				DCB3F58B2B658A1900A0150D /* SpotshieldApp.swift in Sources */,
			);
			runOnlyForDeploymentPostprocessing = 0;
		};
		DCB3F5942B658A1900A0150D /* Sources */ = {
			isa = PBXSourcesBuildPhase;
			buildActionMask = 2147483647;
			files = (
				DCB3F59D2B658A1900A0150D /* SpotshieldTests.swift in Sources */,
			);
			runOnlyForDeploymentPostprocessing = 0;
		};
		DCB3F59E2B658A1900A0150D /* Sources */ = {
			isa = PBXSourcesBuildPhase;
			buildActionMask = 2147483647;
			files = (
				DCB3F5A72B658A1900A0150D /* SpotshieldUITests.swift in Sources */,
				DCB3F5A92B658A1900A0150D /* SpotshieldUITestsLaunchTests.swift in Sources */,
			);
			runOnlyForDeploymentPostprocessing = 0;
		};
/* End PBXSourcesBuildPhase section */

/* Begin PBXTargetDependency section */
		DCB3F59A2B658A1900A0150D /* PBXTargetDependency */ = {
			isa = PBXTargetDependency;
			target = DCB3F5862B658A1900A0150D /* Spotshield */;
			targetProxy = DCB3F5992B658A1900A0150D /* PBXContainerItemProxy */;
		};
		DCB3F5A42B658A1900A0150D /* PBXTargetDependency */ = {
			isa = PBXTargetDependency;
			target = DCB3F5862B658A1900A0150D /* Spotshield */;
			targetProxy = DCB3F5A32B658A1900A0150D /* PBXContainerItemProxy */;
		};
/* End PBXTargetDependency section */

/* Begin XCBuildConfiguration section */
		DCB3F5AA2B658A1900A0150D /* Debug */ = {
			isa = XCBuildConfiguration;
			buildSettings = {
				ALWAYS_SEARCH_USER_PATHS = NO;
				CLANG_ANALYZER_NONNULL = YES;
				CLANG_ANALYZER_NUMBER_OBJECT_CONVERSION = YES_AGGRESSIVE;
				CLANG_CXX_LANGUAGE_STANDARD = "gnu++20";
				CLANG_ENABLE_MODULES = YES;
				CLANG_ENABLE_OBJC_ARC = YES;
				CLANG_ENABLE_OBJC_WEAK = YES;
				CLANG_WARN_BLOCK_CAPTURE_AUTORELEASING = YES;
				CLANG_WARN_BOOL_CONVERSION = YES;
				CLANG_WARN_COMMA = YES;
				CLANG_WARN_CONSTANT_CONVERSION = YES;
				CLANG_WARN_DEPRECATED_OBJC_IMPLEMENTATIONS = YES;
				CLANG_WARN_DIRECT_OBJC_ISA_USAGE = YES_ERROR;
				CLANG_WARN_DOCUMENTATION_COMMENTS = YES;
				CLANG_WARN_EMPTY_BODY = YES;
				CLANG_WARN_ENUM_CONVERSION = YES;
				CLANG_WARN_INFINITE_RECURSION = YES;
				CLANG_WARN_INT_CONVERSION = YES;
				CLANG_WARN_NON_LITERAL_NULL_CONVERSION = YES;
				CLANG_WARN_OBJC_IMPLICIT_RETAIN_SELF = YES;
				CLANG_WARN_OBJC_LITERAL_CONVERSION = YES;
				CLANG_WARN_OBJC_ROOT_CLASS = YES_ERROR;
				CLANG_WARN_QUOTED_INCLUDE_IN_FRAMEWORK_HEADER = YES;
				CLANG_WARN_RANGE_LOOP_ANALYSIS = YES;
				CLANG_WARN_STRICT_PROTOTYPES = YES;
				CLANG_WARN_SUSPICIOUS_MOVE = YES;
				CLANG_WARN_UNGUARDED_AVAILABILITY = YES_AGGRESSIVE;
				CLANG_WARN_UNREACHABLE_CODE = YES;
				CLANG_WARN__DUPLICATE_METHOD_MATCH = YES;
				COPY_PHASE_STRIP = NO;
				DEBUG_INFORMATION_FORMAT = dwarf;
				ENABLE_STRICT_OBJC_MSGSEND = YES;
				ENABLE_TESTABILITY = YES;
				GCC_C_LANGUAGE_STANDARD = gnu11;
				GCC_DYNAMIC_NO_PIC = NO;
				GCC_NO_COMMON_BLOCKS = YES;
				GCC_OPTIMIZATION_LEVEL = 0;
				GCC_PREPROCESSOR_DEFINITIONS = (
					"DEBUG=1",
					"$(inherited)",
				);
				GCC_WARN_64_TO_32_BIT_CONVERSION = YES;
				GCC_WARN_ABOUT_RETURN_TYPE = YES_ERROR;
				GCC_WARN_UNDECLARED_SELECTOR = YES;
				GCC_WARN_UNINITIALIZED_AUTOS = YES_AGGRESSIVE;
				GCC_WARN_UNUSED_FUNCTION = YES;
				GCC_WARN_UNUSED_VARIABLE = YES;
				MTL_ENABLE_DEBUG_INFO = INCLUDE_SOURCE;
				MTL_FAST_MATH = YES;
				ONLY_ACTIVE_ARCH = YES;
				SWIFT_ACTIVE_COMPILATION_CONDITIONS = DEBUG;
				SWIFT_OPTIMIZATION_LEVEL = "-Onone";
			};
			name = Debug;
		};
		DCB3F5AB2B658A1900A0150D /* Release */ = {
			isa = XCBuildConfiguration;
			buildSettings = {
				ALWAYS_SEARCH_USER_PATHS = NO;
				CLANG_ANALYZER_NONNULL = YES;
				CLANG_ANALYZER_NUMBER_OBJECT_CONVERSION = YES_AGGRESSIVE;
				CLANG_CXX_LANGUAGE_STANDARD = "gnu++20";
				CLANG_ENABLE_MODULES = YES;
				CLANG_ENABLE_OBJC_ARC = YES;
				CLANG_ENABLE_OBJC_WEAK = YES;
				CLANG_WARN_BLOCK_CAPTURE_AUTORELEASING = YES;
				CLANG_WARN_BOOL_CONVERSION = YES;
				CLANG_WARN_COMMA = YES;
				CLANG_WARN_CONSTANT_CONVERSION = YES;
				CLANG_WARN_DEPRECATED_OBJC_IMPLEMENTATIONS = YES;
				CLANG_WARN_DIRECT_OBJC_ISA_USAGE = YES_ERROR;
				CLANG_WARN_DOCUMENTATION_COMMENTS = YES;
				CLANG_WARN_EMPTY_BODY = YES;
				CLANG_WARN_ENUM_CONVERSION = YES;
				CLANG_WARN_INFINITE_RECURSION = YES;
				CLANG_WARN_INT_CONVERSION = YES;
				CLANG_WARN_NON_LITERAL_NULL_CONVERSION = YES;
				CLANG_WARN_OBJC_IMPLICIT_RETAIN_SELF = YES;
				CLANG_WARN_OBJC_LITERAL_CONVERSION = YES;
				CLANG_WARN_OBJC_ROOT_CLASS = YES_ERROR;
				CLANG_WARN_QUOTED_INCLUDE_IN_FRAMEWORK_HEADER = YES;
				CLANG_WARN_RANGE_LOOP_ANALYSIS = YES;
				CLANG_WARN_STRICT_PROTOTYPES = YES;
				CLANG_WARN_SUSPICIOUS_MOVE = YES;
				CLANG_WARN_UNGUARDED_AVAILABILITY = YES_AGGRESSIVE;
				CLANG_WARN_UNREACHABLE_CODE = YES;
				CLANG_WARN__DUPLICATE_METHOD_MATCH = YES;
				COPY_PHASE_STRIP = NO;
				DEBUG_INFORMATION_FORMAT = "dwarf-with-dsym";
				ENABLE_NS_ASSERTIONS = NO;
				ENABLE_STRICT_OBJC_MSGSEND = YES;
				GCC_C_LANGUAGE_STANDARD = gnu11;
				GCC_NO_COMMON_BLOCKS = YES;
				GCC_WARN_64_TO_32_BIT_CONVERSION = YES;
				GCC_WARN_ABOUT_RETURN_TYPE = YES_ERROR;
				GCC_WARN_UNDECLARED_SELECTOR = YES;
				GCC_WARN_UNINITIALIZED_AUTOS = YES_AGGRESSIVE;
				GCC_WARN_UNUSED_FUNCTION = YES;
				GCC_WARN_UNUSED_VARIABLE = YES;
				MTL_ENABLE_DEBUG_INFO = NO;
				MTL_FAST_MATH = YES;
				SWIFT_COMPILATION_MODE = wholemodule;
				SWIFT_OPTIMIZATION_LEVEL = "-O";
			};
			name = Release;
		};
		DCB3F5AD2B658A1900A0150D /* Debug */ = {
			isa = XCBuildConfiguration;
			buildSettings = {
				ASSETCATALOG_COMPILER_APPICON_NAME = AppIcon;
				ASSETCATALOG_COMPILER_GLOBAL_ACCENT_COLOR_NAME = AccentColor;
				CODE_SIGN_ENTITLEMENTS = Spotshield/Spotshield.entitlements;
				CODE_SIGN_STYLE = Automatic;
				CURRENT_PROJECT_VERSION = 1;
				DEVELOPMENT_ASSET_PATHS = "\"Spotshield/Preview Content\"";
				ENABLE_PREVIEWS = YES;
				GENERATE_INFOPLIST_FILE = YES;
				"INFOPLIST_KEY_UIApplicationSceneManifest_Generation[sdk=iphoneos*]" = YES;
				"INFOPLIST_KEY_UIApplicationSceneManifest_Generation[sdk=iphonesimulator*]" = YES;
				"INFOPLIST_KEY_UIApplicationSupportsIndirectInputEvents[sdk=iphoneos*]" = YES;
				"INFOPLIST_KEY_UIApplicationSupportsIndirectInputEvents[sdk=iphonesimulator*]" = YES;
				"INFOPLIST_KEY_UILaunchScreen_Generation[sdk=iphoneos*]" = YES;
				"INFOPLIST_KEY_UILaunchScreen_Generation[sdk=iphonesimulator*]" = YES;
				"INFOPLIST_KEY_UIStatusBarStyle[sdk=iphoneos*]" = UIStatusBarStyleDefault;
				"INFOPLIST_KEY_UIStatusBarStyle[sdk=iphonesimulator*]" = UIStatusBarStyleDefault;
				INFOPLIST_KEY_UISupportedInterfaceOrientations_iPad = "UIInterfaceOrientationPortrait UIInterfaceOrientationPortraitUpsideDown UIInterfaceOrientationLandscapeLeft UIInterfaceOrientationLandscapeRight";
				INFOPLIST_KEY_UISupportedInterfaceOrientations_iPhone = "UIInterfaceOrientationPortrait UIInterfaceOrientationLandscapeLeft UIInterfaceOrientationLandscapeRight";
				IPHONEOS_DEPLOYMENT_TARGET = 16.4;
				LD_RUNPATH_SEARCH_PATHS = "@executable_path/Frameworks";
				"LD_RUNPATH_SEARCH_PATHS[sdk=macosx*]" = "@executable_path/../Frameworks";
				MACOSX_DEPLOYMENT_TARGET = 13.2;
				MARKETING_VERSION = 1.0;
				PRODUCT_BUNDLE_IDENTIFIER = "SpartaHack-9.Spotshield";
				PRODUCT_NAME = "$(TARGET_NAME)";
				SDKROOT = auto;
				SUPPORTED_PLATFORMS = "iphoneos iphonesimulator macosx";
				SWIFT_EMIT_LOC_STRINGS = YES;
				SWIFT_VERSION = 5.0;
				TARGETED_DEVICE_FAMILY = "1,2";
			};
			name = Debug;
		};
		DCB3F5AE2B658A1900A0150D /* Release */ = {
			isa = XCBuildConfiguration;
			buildSettings = {
				ASSETCATALOG_COMPILER_APPICON_NAME = AppIcon;
				ASSETCATALOG_COMPILER_GLOBAL_ACCENT_COLOR_NAME = AccentColor;
				CODE_SIGN_ENTITLEMENTS = Spotshield/Spotshield.entitlements;
				CODE_SIGN_STYLE = Automatic;
				CURRENT_PROJECT_VERSION = 1;
				DEVELOPMENT_ASSET_PATHS = "\"Spotshield/Preview Content\"";
				ENABLE_PREVIEWS = YES;
				GENERATE_INFOPLIST_FILE = YES;
				"INFOPLIST_KEY_UIApplicationSceneManifest_Generation[sdk=iphoneos*]" = YES;
				"INFOPLIST_KEY_UIApplicationSceneManifest_Generation[sdk=iphonesimulator*]" = YES;
				"INFOPLIST_KEY_UIApplicationSupportsIndirectInputEvents[sdk=iphoneos*]" = YES;
				"INFOPLIST_KEY_UIApplicationSupportsIndirectInputEvents[sdk=iphonesimulator*]" = YES;
				"INFOPLIST_KEY_UILaunchScreen_Generation[sdk=iphoneos*]" = YES;
				"INFOPLIST_KEY_UILaunchScreen_Generation[sdk=iphonesimulator*]" = YES;
				"INFOPLIST_KEY_UIStatusBarStyle[sdk=iphoneos*]" = UIStatusBarStyleDefault;
				"INFOPLIST_KEY_UIStatusBarStyle[sdk=iphonesimulator*]" = UIStatusBarStyleDefault;
				INFOPLIST_KEY_UISupportedInterfaceOrientations_iPad = "UIInterfaceOrientationPortrait UIInterfaceOrientationPortraitUpsideDown UIInterfaceOrientationLandscapeLeft UIInterfaceOrientationLandscapeRight";
				INFOPLIST_KEY_UISupportedInterfaceOrientations_iPhone = "UIInterfaceOrientationPortrait UIInterfaceOrientationLandscapeLeft UIInterfaceOrientationLandscapeRight";
				IPHONEOS_DEPLOYMENT_TARGET = 16.4;
				LD_RUNPATH_SEARCH_PATHS = "@executable_path/Frameworks";
				"LD_RUNPATH_SEARCH_PATHS[sdk=macosx*]" = "@executable_path/../Frameworks";
				MACOSX_DEPLOYMENT_TARGET = 13.2;
				MARKETING_VERSION = 1.0;
				PRODUCT_BUNDLE_IDENTIFIER = "SpartaHack-9.Spotshield";
				PRODUCT_NAME = "$(TARGET_NAME)";
				SDKROOT = auto;
				SUPPORTED_PLATFORMS = "iphoneos iphonesimulator macosx";
				SWIFT_EMIT_LOC_STRINGS = YES;
				SWIFT_VERSION = 5.0;
				TARGETED_DEVICE_FAMILY = "1,2";
			};
			name = Release;
		};
		DCB3F5B02B658A1900A0150D /* Debug */ = {
			isa = XCBuildConfiguration;
			buildSettings = {
				ALWAYS_EMBED_SWIFT_STANDARD_LIBRARIES = YES;
				BUNDLE_LOADER = "$(TEST_HOST)";
				CODE_SIGN_STYLE = Automatic;
				CURRENT_PROJECT_VERSION = 1;
				GENERATE_INFOPLIST_FILE = YES;
				IPHONEOS_DEPLOYMENT_TARGET = 16.4;
				MACOSX_DEPLOYMENT_TARGET = 13.2;
				MARKETING_VERSION = 1.0;
				PRODUCT_BUNDLE_IDENTIFIER = "SpartaHack-9.SpotshieldTests";
				PRODUCT_NAME = "$(TARGET_NAME)";
				SDKROOT = auto;
				SUPPORTED_PLATFORMS = "iphoneos iphonesimulator macosx";
				SWIFT_EMIT_LOC_STRINGS = NO;
				SWIFT_VERSION = 5.0;
				TARGETED_DEVICE_FAMILY = "1,2";
				TEST_HOST = "$(BUILT_PRODUCTS_DIR)/Spotshield.app/$(BUNDLE_EXECUTABLE_FOLDER_PATH)/Spotshield";
			};
			name = Debug;
		};
		DCB3F5B12B658A1900A0150D /* Release */ = {
			isa = XCBuildConfiguration;
			buildSettings = {
				ALWAYS_EMBED_SWIFT_STANDARD_LIBRARIES = YES;
				BUNDLE_LOADER = "$(TEST_HOST)";
				CODE_SIGN_STYLE = Automatic;
				CURRENT_PROJECT_VERSION = 1;
				GENERATE_INFOPLIST_FILE = YES;
				IPHONEOS_DEPLOYMENT_TARGET = 16.4;
				MACOSX_DEPLOYMENT_TARGET = 13.2;
				MARKETING_VERSION = 1.0;
				PRODUCT_BUNDLE_IDENTIFIER = "SpartaHack-9.SpotshieldTests";
				PRODUCT_NAME = "$(TARGET_NAME)";
				SDKROOT = auto;
				SUPPORTED_PLATFORMS = "iphoneos iphonesimulator macosx";
				SWIFT_EMIT_LOC_STRINGS = NO;
				SWIFT_VERSION = 5.0;
				TARGETED_DEVICE_FAMILY = "1,2";
				TEST_HOST = "$(BUILT_PRODUCTS_DIR)/Spotshield.app/$(BUNDLE_EXECUTABLE_FOLDER_PATH)/Spotshield";
			};
			name = Release;
		};
		DCB3F5B32B658A1900A0150D /* Debug */ = {
			isa = XCBuildConfiguration;
			buildSettings = {
				ALWAYS_EMBED_SWIFT_STANDARD_LIBRARIES = YES;
				CODE_SIGN_STYLE = Automatic;
				CURRENT_PROJECT_VERSION = 1;
				GENERATE_INFOPLIST_FILE = YES;
				IPHONEOS_DEPLOYMENT_TARGET = 16.4;
				MACOSX_DEPLOYMENT_TARGET = 13.2;
				MARKETING_VERSION = 1.0;
				PRODUCT_BUNDLE_IDENTIFIER = "SpartaHack-9.SpotshieldUITests";
				PRODUCT_NAME = "$(TARGET_NAME)";
				SDKROOT = auto;
				SUPPORTED_PLATFORMS = "iphoneos iphonesimulator macosx";
				SWIFT_EMIT_LOC_STRINGS = NO;
				SWIFT_VERSION = 5.0;
				TARGETED_DEVICE_FAMILY = "1,2";
				TEST_TARGET_NAME = Spotshield;
			};
			name = Debug;
		};
		DCB3F5B42B658A1900A0150D /* Release */ = {
			isa = XCBuildConfiguration;
			buildSettings = {
				ALWAYS_EMBED_SWIFT_STANDARD_LIBRARIES = YES;
				CODE_SIGN_STYLE = Automatic;
				CURRENT_PROJECT_VERSION = 1;
				GENERATE_INFOPLIST_FILE = YES;
				IPHONEOS_DEPLOYMENT_TARGET = 16.4;
				MACOSX_DEPLOYMENT_TARGET = 13.2;
				MARKETING_VERSION = 1.0;
				PRODUCT_BUNDLE_IDENTIFIER = "SpartaHack-9.SpotshieldUITests";
				PRODUCT_NAME = "$(TARGET_NAME)";
				SDKROOT = auto;
				SUPPORTED_PLATFORMS = "iphoneos iphonesimulator macosx";
				SWIFT_EMIT_LOC_STRINGS = NO;
				SWIFT_VERSION = 5.0;
				TARGETED_DEVICE_FAMILY = "1,2";
				TEST_TARGET_NAME = Spotshield;
			};
			name = Release;
		};
/* End XCBuildConfiguration section */

/* Begin XCConfigurationList section */
		DCB3F5822B658A1900A0150D /* Build configuration list for PBXProject "Spotshield" */ = {
			isa = XCConfigurationList;
			buildConfigurations = (
				DCB3F5AA2B658A1900A0150D /* Debug */,
				DCB3F5AB2B658A1900A0150D /* Release */,
			);
			defaultConfigurationIsVisible = 0;
			defaultConfigurationName = Release;
		};
		DCB3F5AC2B658A1900A0150D /* Build configuration list for PBXNativeTarget "Spotshield" */ = {
			isa = XCConfigurationList;
			buildConfigurations = (
				DCB3F5AD2B658A1900A0150D /* Debug */,
				DCB3F5AE2B658A1900A0150D /* Release */,
			);
			defaultConfigurationIsVisible = 0;
			defaultConfigurationName = Release;
		};
		DCB3F5AF2B658A1900A0150D /* Build configuration list for PBXNativeTarget "SpotshieldTests" */ = {
			isa = XCConfigurationList;
			buildConfigurations = (
				DCB3F5B02B658A1900A0150D /* Debug */,
				DCB3F5B12B658A1900A0150D /* Release */,
			);
			defaultConfigurationIsVisible = 0;
			defaultConfigurationName = Release;
		};
		DCB3F5B22B658A1900A0150D /* Build configuration list for PBXNativeTarget "SpotshieldUITests" */ = {
			isa = XCConfigurationList;
			buildConfigurations = (
				DCB3F5B32B658A1900A0150D /* Debug */,
				DCB3F5B42B658A1900A0150D /* Release */,
			);
			defaultConfigurationIsVisible = 0;
			defaultConfigurationName = Release;
		};
/* End XCConfigurationList section */
	};
	rootObject = DCB3F57F2B658A1900A0150D /* Project object */;
}
